PODS:
  - PodAsset (0.12.0)
  - SHVideoPlayer (0.1.0):
    - PodAsset
    - SnapKit (~> 3.0)
  - SnapKit (3.0.2)

DEPENDENCIES:
  - SHVideoPlayer (from `../`)

EXTERNAL SOURCES:
  SHVideoPlayer:
    :path: "../"

SPEC CHECKSUMS:
  PodAsset: d6e724524e63725ef0c579354819ccc2dcbcf920
  SHVideoPlayer: e00f42c09c5e1bcb7642f97d573b7af32e3a698f
  SnapKit: 2e456761aa92d4d4067a7a5594c18769d451a8ad

PODFILE CHECKSUM: a2f71ff0b77f31955595bf9eada4e4ab7bebf5b5

COCOAPODS: 1.1.1
