PODS:
  - SHVideoPlayer (0.1.0):
    - SnapKit (~> 3.0)
  - SnapKit (3.0.2)

DEPENDENCIES:
  - SHVideoPlayer (from `../`)

EXTERNAL SOURCES:
  SHVideoPlayer:
    :path: "../"

SPEC CHECKSUMS:
  SHVideoPlayer: 9987d8bf03f34403952cac8fd661734e0e22733c
  SnapKit: 2e456761aa92d4d4067a7a5594c18769d451a8ad

PODFILE CHECKSUM: a2f71ff0b77f31955595bf9eada4e4ab7bebf5b5

COCOAPODS: 1.1.1
